# This file is automatically @generated by Cargo.
# It is not intended for manual editing.
version = 3

[[package]]
name = "prismatik-ai-tools"
version = "0.1.0"
dependencies = [
 "prismatik-domain",
 "prismatik-market-data",
 "prismatik-portfolio",
]

[[package]]
name = "prismatik-analog-store"
version = "0.1.0"
dependencies = [
 "prismatik-domain",
 "prismatik-features",
]

[[package]]
name = "prismatik-application"
version = "0.1.0"
dependencies = [
 "prismatik-audit",
 "prismatik-calendar",
 "prismatik-determinism",
 "prismatik-domain",
 "prismatik-identity",
 "prismatik-manifest",
 "prismatik-market-data",
 "prismatik-storage",
]

[[package]]
name = "prismatik-audit"
version = "0.1.0"
dependencies = [
 "prismatik-determinism",
]

[[package]]
name = "prismatik-backtest"
version = "0.1.0"
dependencies = [
 "prismatik-calendar",
 "prismatik-features",
 "prismatik-strategy",
]

[[package]]
name = "prismatik-calendar"
version = "0.1.0"
dependencies = [
 "prismatik-determinism",
]

[[package]]
name = "prismatik-calibration"
version = "0.1.0"
dependencies = [
 "prismatik-determinism",
 "prismatik-tsfm",
]

[[package]]
name = "prismatik-cli"
version = "0.1.0"
dependencies = [
 "prismatik-manifest",
]

[[package]]
name = "prismatik-cot"
version = "0.1.0"
dependencies = [
 "prismatik-domain",
 "prismatik-market-data",
]

[[package]]
name = "prismatik-crypto"
version = "0.1.0"
dependencies = [
 "prismatik-domain",
 "prismatik-market-data",
]

[[package]]
name = "prismatik-determinism"
version = "0.1.0"

[[package]]
name = "prismatik-domain"
version = "0.1.0"
dependencies = [
 "prismatik-determinism",
 "prismatik-identity",
]

[[package]]
name = "prismatik-events"
version = "0.1.0"
dependencies = [
 "prismatik-domain",
 "prismatik-market-data",
]

[[package]]
name = "prismatik-execution"
version = "0.1.0"
dependencies = [
 "prismatik-domain",
 "prismatik-identity",
 "prismatik-risk",
]

[[package]]
name = "prismatik-features"
version = "0.1.0"
dependencies = [
 "prismatik-domain",
 "prismatik-market-data",
]

[[package]]
name = "prismatik-filings"
version = "0.1.0"
dependencies = [
 "prismatik-domain",
 "prismatik-market-data",
]

[[package]]
name = "prismatik-identity"
version = "0.1.0"
dependencies = [
 "prismatik-determinism",
]

[[package]]
name = "prismatik-indicator-core"
version = "0.1.0"
dependencies = [
 "prismatik-domain",
]

[[package]]
name = "prismatik-journal"
version = "0.1.0"
dependencies = [
 "prismatik-domain",
 "prismatik-market-data",
]

[[package]]
name = "prismatik-manifest"
version = "0.1.0"
dependencies = [
 "prismatik-audit",
 "prismatik-determinism",
]

[[package]]
name = "prismatik-market-data"
version = "0.1.0"
dependencies = [
 "prismatik-domain",
]

[[package]]
name = "prismatik-observability"
version = "0.1.0"
dependencies = [
 "prismatik-determinism",
]

[[package]]
name = "prismatik-options"
version = "0.1.0"
dependencies = [
 "prismatik-domain",
 "prismatik-market-data",
]

[[package]]
name = "prismatik-oss-registry"
version = "0.1.0"
dependencies = [
 "prismatik-determinism",
]

[[package]]
name = "prismatik-plugin-host"
version = "0.1.0"
dependencies = [
 "prismatik-audit",
 "prismatik-determinism",
]

[[package]]
name = "prismatik-portfolio"
version = "0.1.0"
dependencies = [
 "prismatik-domain",
 "prismatik-identity",
]

[[package]]
name = "prismatik-quant-kernel"
version = "0.1.0"
dependencies = [
 "prismatik-domain",
]

[[package]]
name = "prismatik-renderer"
version = "0.1.0"
dependencies = [
 "prismatik-domain",
]

[[package]]
name = "prismatik-risk"
version = "0.1.0"
dependencies = [
 "prismatik-domain",
 "prismatik-portfolio",
]

[[package]]
name = "prismatik-security"
version = "0.1.0"
dependencies = [
 "prismatik-determinism",
]

[[package]]
name = "prismatik-simulation"
version = "0.1.0"
dependencies = [
 "prismatik-backtest",
 "prismatik-determinism",
]

[[package]]
name = "prismatik-storage"
version = "0.1.0"
dependencies = [
 "prismatik-determinism",
 "prismatik-identity",
]

[[package]]
name = "prismatik-strategy"
version = "0.1.0"
dependencies = [
 "prismatik-determinism",
 "prismatik-domain",
 "prismatik-features",
 "prismatik-indicator-core",
]

[[package]]
name = "prismatik-tsfm"
version = "0.1.0"
dependencies = [
 "prismatik-determinism",
 "prismatik-manifest",
]
